
Microsoft Visual Studio Solution File, Format Version 12.00
# Visual Studio Version 16
VisualStudioVersion = 16.0.29709.97
MinimumVisualStudioVersion = 10.0.40219.1
Project("{FAE04EC0-301F-11D3-BF4B-00C04F79EFBC}") = "Lab11", "Lab11\Lab11.csproj", "{BFC50731-DC1E-4012-BE0F-5BD1474CC99F}"
EndProject
Global
	GlobalSection(SolutionConfigurationPlatforms) = preSolution
		Debug|Any CPU = Debug|Any CPU
		Release|Any CPU = Release|Any CPU
	EndGlobalSection
	GlobalSection(ProjectConfigurationPlatforms) = postSolution
		{BFC50731-DC1E-4012-BE0F-5BD1474CC99F}.Debug|Any CPU.ActiveCfg = Debug|Any CPU
		{BFC50731-DC1E-4012-BE0F-5BD1474CC99F}.Debug|Any CPU.Build.0 = Debug|Any CPU
		{BFC50731-DC1E-4012-BE0F-5BD1474CC99F}.Release|Any CPU.ActiveCfg = Release|Any CPU
		{BFC50731-DC1E-4012-BE0F-5BD1474CC99F}.Release|Any CPU.Build.0 = Release|Any CPU
	EndGlobalSection
	GlobalSection(SolutionProperties) = preSolution
		HideSolutionNode = FALSE
	EndGlobalSection
	GlobalSection(ExtensibilityGlobals) = postSolution
		SolutionGuid = {3A7B9C4C-A1A0-4DB7-BF55-D085681B2392}
	EndGlobalSection
EndGlobal
