
Microsoft Visual Studio Solution File, Format Version 12.00
# Visual Studio Version 16
VisualStudioVersion = 16.0.29709.97
MinimumVisualStudioVersion = 10.0.40219.1
Project("{FAE04EC0-301F-11D3-BF4B-00C04F79EFBC}") = "Lab1", "Lab1\Lab1.csproj", "{3D0B6171-0CBF-47B1-8156-E1E1ABB528F9}"
EndProject
Global
	GlobalSection(SolutionConfigurationPlatforms) = preSolution
		Debug|Any CPU = Debug|Any CPU
		Release|Any CPU = Release|Any CPU
	EndGlobalSection
	GlobalSection(ProjectConfigurationPlatforms) = postSolution
		{3D0B6171-0CBF-47B1-8156-E1E1ABB528F9}.Debug|Any CPU.ActiveCfg = Debug|Any CPU
		{3D0B6171-0CBF-47B1-8156-E1E1ABB528F9}.Debug|Any CPU.Build.0 = Debug|Any CPU
		{3D0B6171-0CBF-47B1-8156-E1E1ABB528F9}.Release|Any CPU.ActiveCfg = Release|Any CPU
		{3D0B6171-0CBF-47B1-8156-E1E1ABB528F9}.Release|Any CPU.Build.0 = Release|Any CPU
	EndGlobalSection
	GlobalSection(SolutionProperties) = preSolution
		HideSolutionNode = FALSE
	EndGlobalSection
	GlobalSection(ExtensibilityGlobals) = postSolution
		SolutionGuid = {5CBE9AC7-68AE-4D41-8716-B2F5C76F18BE}
	EndGlobalSection
EndGlobal
