
Microsoft Visual Studio Solution File, Format Version 12.00
# Visual Studio Version 16
VisualStudioVersion = 16.0.29709.97
MinimumVisualStudioVersion = 10.0.40219.1
Project("{FAE04EC0-301F-11D3-BF4B-00C04F79EFBC}") = "Lab5", "Lab5\Lab5.csproj", "{D75F23B8-86FD-4DDB-9BA4-8078472FB3EC}"
EndProject
Global
	GlobalSection(SolutionConfigurationPlatforms) = preSolution
		Debug|Any CPU = Debug|Any CPU
		Release|Any CPU = Release|Any CPU
	EndGlobalSection
	GlobalSection(ProjectConfigurationPlatforms) = postSolution
		{D75F23B8-86FD-4DDB-9BA4-8078472FB3EC}.Debug|Any CPU.ActiveCfg = Debug|Any CPU
		{D75F23B8-86FD-4DDB-9BA4-8078472FB3EC}.Debug|Any CPU.Build.0 = Debug|Any CPU
		{D75F23B8-86FD-4DDB-9BA4-8078472FB3EC}.Release|Any CPU.ActiveCfg = Release|Any CPU
		{D75F23B8-86FD-4DDB-9BA4-8078472FB3EC}.Release|Any CPU.Build.0 = Release|Any CPU
	EndGlobalSection
	GlobalSection(SolutionProperties) = preSolution
		HideSolutionNode = FALSE
	EndGlobalSection
	GlobalSection(ExtensibilityGlobals) = postSolution
		SolutionGuid = {FC2B18B2-987B-47D2-80B8-2FE6F7920853}
	EndGlobalSection
EndGlobal
