
Microsoft Visual Studio Solution File, Format Version 12.00
# Visual Studio Version 16
VisualStudioVersion = 16.0.30128.74
MinimumVisualStudioVersion = 10.0.40219.1
Project("{FAE04EC0-301F-11D3-BF4B-00C04F79EFBC}") = "Lab7", "Lab7\Lab7.csproj", "{695FABB6-C7DF-4D59-899C-D2712A9978AB}"
EndProject
Global
	GlobalSection(SolutionConfigurationPlatforms) = preSolution
		Debug|Any CPU = Debug|Any CPU
		Release|Any CPU = Release|Any CPU
	EndGlobalSection
	GlobalSection(ProjectConfigurationPlatforms) = postSolution
		{695FABB6-C7DF-4D59-899C-D2712A9978AB}.Debug|Any CPU.ActiveCfg = Debug|Any CPU
		{695FABB6-C7DF-4D59-899C-D2712A9978AB}.Debug|Any CPU.Build.0 = Debug|Any CPU
		{695FABB6-C7DF-4D59-899C-D2712A9978AB}.Release|Any CPU.ActiveCfg = Release|Any CPU
		{695FABB6-C7DF-4D59-899C-D2712A9978AB}.Release|Any CPU.Build.0 = Release|Any CPU
	EndGlobalSection
	GlobalSection(SolutionProperties) = preSolution
		HideSolutionNode = FALSE
	EndGlobalSection
	GlobalSection(ExtensibilityGlobals) = postSolution
		SolutionGuid = {3831B53A-3432-4DD5-8D02-D4ABCE87F211}
	EndGlobalSection
EndGlobal
